// !$*UTF8*$!
{
	archiveVersion = 1;
	classes = {
	};
	objectVersion = 50;
	objects = {

/* Begin PBXBuildFile section */
		4941FBAE22FA72C500EFCD7B /* AppDelegate.swift in Sources */ = {isa = PBXBuildFile; fileRef = 4941FBAD22FA72C500EFCD7B /* AppDelegate.swift */; };
		4941FBB022FA72C500EFCD7B /* ViewController.swift in Sources */ = {isa = PBXBuildFile; fileRef = 4941FBAF22FA72C500EFCD7B /* ViewController.swift */; };
		4941FBB322FA72C500EFCD7B /* Main.storyboard in Resources */ = {isa = PBXBuildFile; fileRef = 4941FBB122FA72C500EFCD7B /* Main.storyboard */; };
		4941FBB622FA72C500EFCD7B /* BloggerAPICORE.xcdatamodeld in Sources */ = {isa = PBXBuildFile; fileRef = 4941FBB422FA72C500EFCD7B /* BloggerAPICORE.xcdatamodeld */; };
		4941FBB822FA72C700EFCD7B /* Assets.xcassets in Resources */ = {isa = PBXBuildFile; fileRef = 4941FBB722FA72C700EFCD7B /* Assets.xcassets */; };
		4941FBBB22FA72C700EFCD7B /* LaunchScreen.storyboard in Resources */ = {isa = PBXBuildFile; fileRef = 4941FBB922FA72C700EFCD7B /* LaunchScreen.storyboard */; };
		4941FBC322FA76A500EFCD7B /* BloggerTableViewController.swift in Sources */ = {isa = PBXBuildFile; fileRef = 4941FBC222FA76A500EFCD7B /* BloggerTableViewController.swift */; };
		4941FBC522FA76DB00EFCD7B /* BloggerTableViewCell.swift in Sources */ = {isa = PBXBuildFile; fileRef = 4941FBC422FA76DB00EFCD7B /* BloggerTableViewCell.swift */; };
		4941FBC722FA981A00EFCD7B /* credentials.plist in Resources */ = {isa = PBXBuildFile; fileRef = 4941FBC622FA981A00EFCD7B /* credentials.plist */; };
		4941FBC922FB070400EFCD7B /* model.swift in Sources */ = {isa = PBXBuildFile; fileRef = 4941FBC822FB070400EFCD7B /* model.swift */; };
		49F1B59622FBDF420039319E /* WebKit.framework in Frameworks */ = {isa = PBXBuildFile; fileRef = 49F1B59522FBDF420039319E /* WebKit.framework */; };
/* End PBXBuildFile section */

/* Begin PBXFileReference section */
		4941FBAA22FA72C500EFCD7B /* BloggerAPICORE.app */ = {isa = PBXFileReference; explicitFileType = wrapper.application; includeInIndex = 0; path = BloggerAPICORE.app; sourceTree = BUILT_PRODUCTS_DIR; };
		4941FBAD22FA72C500EFCD7B /* AppDelegate.swift */ = {isa = PBXFileReference; lastKnownFileType = sourcecode.swift; path = AppDelegate.swift; sourceTree = "<group>"; };
		4941FBAF22FA72C500EFCD7B /* ViewController.swift */ = {isa = PBXFileReference; lastKnownFileType = sourcecode.swift; path = ViewController.swift; sourceTree = "<group>"; };
		4941FBB222FA72C500EFCD7B /* Base */ = {isa = PBXFileReference; lastKnownFileType = file.storyboard; name = Base; path = Base.lproj/Main.storyboard; sourceTree = "<group>"; };
		4941FBB522FA72C500EFCD7B /* BloggerAPICORE.xcdatamodel */ = {isa = PBXFileReference; lastKnownFileType = wrapper.xcdatamodel; path = BloggerAPICORE.xcdatamodel; sourceTree = "<group>"; };
		4941FBB722FA72C700EFCD7B /* Assets.xcassets */ = {isa = PBXFileReference; lastKnownFileType = folder.assetcatalog; path = Assets.xcassets; sourceTree = "<group>"; };
		4941FBBA22FA72C700EFCD7B /* Base */ = {isa = PBXFileReference; lastKnownFileType = file.storyboard; name = Base; path = Base.lproj/LaunchScreen.storyboard; sourceTree = "<group>"; };
		4941FBBC22FA72C700EFCD7B /* Info.plist */ = {isa = PBXFileReference; lastKnownFileType = text.plist.xml; path = Info.plist; sourceTree = "<group>"; };
		4941FBC222FA76A500EFCD7B /* BloggerTableViewController.swift */ = {isa = PBXFileReference; lastKnownFileType = sourcecode.swift; path = BloggerTableViewController.swift; sourceTree = "<group>"; };
		4941FBC422FA76DB00EFCD7B /* BloggerTableViewCell.swift */ = {isa = PBXFileReference; lastKnownFileType = sourcecode.swift; path = BloggerTableViewCell.swift; sourceTree = "<group>"; };
		4941FBC622FA981A00EFCD7B /* credentials.plist */ = {isa = PBXFileReference; fileEncoding = 4; lastKnownFileType = text.plist.xml; path = credentials.plist; sourceTree = "<group>"; };
		4941FBC822FB070400EFCD7B /* model.swift */ = {isa = PBXFileReference; lastKnownFileType = sourcecode.swift; path = model.swift; sourceTree = "<group>"; };
		49F1B59522FBDF420039319E /* WebKit.framework */ = {isa = PBXFileReference; lastKnownFileType = wrapper.framework; name = WebKit.framework; path = System/Library/Frameworks/WebKit.framework; sourceTree = SDKROOT; };
/* End PBXFileReference section */

/* Begin PBXFrameworksBuildPhase section */
		4941FBA722FA72C500EFCD7B /* Frameworks */ = {
			isa = PBXFrameworksBuildPhase;
			buildActionMask = 2147483647;
			files = (
				49F1B59622FBDF420039319E /* WebKit.framework in Frameworks */,
			);
			runOnlyForDeploymentPostprocessing = 0;
		};
/* End PBXFrameworksBuildPhase section */

/* Begin PBXGroup section */
		4941FBA122FA72C500EFCD7B = {
			isa = PBXGroup;
			children = (
				4941FBAC22FA72C500EFCD7B /* BloggerAPICORE */,
				4941FBAB22FA72C500EFCD7B /* Products */,
				49F1B59422FBDF420039319E /* Frameworks */,
			);
			sourceTree = "<group>";
		};
		4941FBAB22FA72C500EFCD7B /* Products */ = {
			isa = PBXGroup;
			children = (
				4941FBAA22FA72C500EFCD7B /* BloggerAPICORE.app */,
			);
			name = Products;
			sourceTree = "<group>";
		};
		4941FBAC22FA72C500EFCD7B /* BloggerAPICORE */ = {
			isa = PBXGroup;
			children = (
				4941FBAD22FA72C500EFCD7B /* AppDelegate.swift */,
				4941FBAF22FA72C500EFCD7B /* ViewController.swift */,
				4941FBC222FA76A500EFCD7B /* BloggerTableViewController.swift */,
				4941FBC822FB070400EFCD7B /* model.swift */,
				4941FBC422FA76DB00EFCD7B /* BloggerTableViewCell.swift */,
				4941FBB122FA72C500EFCD7B /* Main.storyboard */,
				4941FBB722FA72C700EFCD7B /* Assets.xcassets */,
				4941FBB922FA72C700EFCD7B /* LaunchScreen.storyboard */,
				4941FBBC22FA72C700EFCD7B /* Info.plist */,
				4941FBC622FA981A00EFCD7B /* credentials.plist */,
				4941FBB422FA72C500EFCD7B /* BloggerAPICORE.xcdatamodeld */,
			);
			path = BloggerAPICORE;
			sourceTree = "<group>";
		};
		49F1B59422FBDF420039319E /* Frameworks */ = {
			isa = PBXGroup;
			children = (
				49F1B59522FBDF420039319E /* WebKit.framework */,
			);
			name = Frameworks;
			sourceTree = "<group>";
		};
/* End PBXGroup section */

/* Begin PBXNativeTarget section */
		4941FBA922FA72C500EFCD7B /* BloggerAPICORE */ = {
			isa = PBXNativeTarget;
			buildConfigurationList = 4941FBBF22FA72C700EFCD7B /* Build configuration list for PBXNativeTarget "BloggerAPICORE" */;
			buildPhases = (
				4941FBA622FA72C500EFCD7B /* Sources */,
				4941FBA722FA72C500EFCD7B /* Frameworks */,
				4941FBA822FA72C500EFCD7B /* Resources */,
			);
			buildRules = (
			);
			dependencies = (
			);
			name = BloggerAPICORE;
			productName = BloggerAPICORE;
			productReference = 4941FBAA22FA72C500EFCD7B /* BloggerAPICORE.app */;
			productType = "com.apple.product-type.application";
		};
/* End PBXNativeTarget section */

/* Begin PBXProject section */
		4941FBA222FA72C500EFCD7B /* Project object */ = {
			isa = PBXProject;
			attributes = {
				LastSwiftUpdateCheck = 1010;
				LastUpgradeCheck = 1010;
				ORGANIZATIONNAME = Tanishk;
				TargetAttributes = {
					4941FBA922FA72C500EFCD7B = {
						CreatedOnToolsVersion = 10.1;
					};
				};
			};
			buildConfigurationList = 4941FBA522FA72C500EFCD7B /* Build configuration list for PBXProject "BloggerAPICORE" */;
			compatibilityVersion = "Xcode 9.3";
			developmentRegion = en;
			hasScannedForEncodings = 0;
			knownRegions = (
				en,
				Base,
			);
			mainGroup = 4941FBA122FA72C500EFCD7B;
			productRefGroup = 4941FBAB22FA72C500EFCD7B /* Products */;
			projectDirPath = "";
			projectRoot = "";
			targets = (
				4941FBA922FA72C500EFCD7B /* BloggerAPICORE */,
			);
		};
/* End PBXProject section */

/* Begin PBXResourcesBuildPhase section */
		4941FBA822FA72C500EFCD7B /* Resources */ = {
			isa = PBXResourcesBuildPhase;
			buildActionMask = 2147483647;
			files = (
				4941FBBB22FA72C700EFCD7B /* LaunchScreen.storyboard in Resources */,
				4941FBC722FA981A00EFCD7B /* credentials.plist in Resources */,
				4941FBB822FA72C700EFCD7B /* Assets.xcassets in Resources */,
				4941FBB322FA72C500EFCD7B /* Main.storyboard in Resources */,
			);
			runOnlyForDeploymentPostprocessing = 0;
		};
/* End PBXResourcesBuildPhase section */

/* Begin PBXSourcesBuildPhase section */
		4941FBA622FA72C500EFCD7B /* Sources */ = {
			isa = PBXSourcesBuildPhase;
			buildActionMask = 2147483647;
			files = (
				4941FBC322FA76A500EFCD7B /* BloggerTableViewController.swift in Sources */,
				4941FBC922FB070400EFCD7B /* model.swift in Sources */,
				4941FBB622FA72C500EFCD7B /* BloggerAPICORE.xcdatamodeld in Sources */,
				4941FBB022FA72C500EFCD7B /* ViewController.swift in Sources */,
				4941FBC522FA76DB00EFCD7B /* BloggerTableViewCell.swift in Sources */,
				4941FBAE22FA72C500EFCD7B /* AppDelegate.swift in Sources */,
			);
			runOnlyForDeploymentPostprocessing = 0;
		};
/* End PBXSourcesBuildPhase section */

/* Begin PBXVariantGroup section */
		4941FBB122FA72C500EFCD7B /* Main.storyboard */ = {
			isa = PBXVariantGroup;
			children = (
				4941FBB222FA72C500EFCD7B /* Base */,
			);
			name = Main.storyboard;
			sourceTree = "<group>";
		};
		4941FBB922FA72C700EFCD7B /* LaunchScreen.storyboard */ = {
			isa = PBXVariantGroup;
			children = (
				4941FBBA22FA72C700EFCD7B /* Base */,
			);
			name = LaunchScreen.storyboard;
			sourceTree = "<group>";
		};
/* End PBXVariantGroup section */

/* Begin XCBuildConfiguration section */
		4941FBBD22FA72C700EFCD7B /* Debug */ = {
			isa = XCBuildConfiguration;
			buildSettings = {
				ALWAYS_SEARCH_USER_PATHS = NO;
				CLANG_ANALYZER_NONNULL = YES;
				CLANG_ANALYZER_NUMBER_OBJECT_CONVERSION = YES_AGGRESSIVE;
				CLANG_CXX_LANGUAGE_STANDARD = "gnu++14";
				CLANG_CXX_LIBRARY = "libc++";
				CLANG_ENABLE_MODULES = YES;
				CLANG_ENABLE_OBJC_ARC = YES;
				CLANG_ENABLE_OBJC_WEAK = YES;
				CLANG_WARN_BLOCK_CAPTURE_AUTORELEASING = YES;
				CLANG_WARN_BOOL_CONVERSION = YES;
				CLANG_WARN_COMMA = YES;
				CLANG_WARN_CONSTANT_CONVERSION = YES;
				CLANG_WARN_DEPRECATED_OBJC_IMPLEMENTATIONS = YES;
				CLANG_WARN_DIRECT_OBJC_ISA_USAGE = YES_ERROR;
				CLANG_WARN_DOCUMENTATION_COMMENTS = YES;
				CLANG_WARN_EMPTY_BODY = YES;
				CLANG_WARN_ENUM_CONVERSION = YES;
				CLANG_WARN_INFINITE_RECURSION = YES;
				CLANG_WARN_INT_CONVERSION = YES;
				CLANG_WARN_NON_LITERAL_NULL_CONVERSION = YES;
				CLANG_WARN_OBJC_IMPLICIT_RETAIN_SELF = YES;
				CLANG_WARN_OBJC_LITERAL_CONVERSION = YES;
				CLANG_WARN_OBJC_ROOT_CLASS = YES_ERROR;
				CLANG_WARN_RANGE_LOOP_ANALYSIS = YES;
				CLANG_WARN_STRICT_PROTOTYPES = YES;
				CLANG_WARN_SUSPICIOUS_MOVE = YES;
				CLANG_WARN_UNGUARDED_AVAILABILITY = YES_AGGRESSIVE;
				CLANG_WARN_UNREACHABLE_CODE = YES;
				CLANG_WARN__DUPLICATE_METHOD_MATCH = YES;
				CODE_SIGN_IDENTITY = "iPhone Developer";
				COPY_PHASE_STRIP = NO;
				DEBUG_INFORMATION_FORMAT = dwarf;
				ENABLE_STRICT_OBJC_MSGSEND = YES;
				ENABLE_TESTABILITY = YES;
				GCC_C_LANGUAGE_STANDARD = gnu11;
				GCC_DYNAMIC_NO_PIC = NO;
				GCC_NO_COMMON_BLOCKS = YES;
				GCC_OPTIMIZATION_LEVEL = 0;
				GCC_PREPROCESSOR_DEFINITIONS = (
					"DEBUG=1",
					"$(inherited)",
				);
				GCC_WARN_64_TO_32_BIT_CONVERSION = YES;
				GCC_WARN_ABOUT_RETURN_TYPE = YES_ERROR;
				GCC_WARN_UNDECLARED_SELECTOR = YES;
				GCC_WARN_UNINITIALIZED_AUTOS = YES_AGGRESSIVE;
				GCC_WARN_UNUSED_FUNCTION = YES;
				GCC_WARN_UNUSED_VARIABLE = YES;
				IPHONEOS_DEPLOYMENT_TARGET = 12.1;
				MTL_ENABLE_DEBUG_INFO = INCLUDE_SOURCE;
				MTL_FAST_MATH = YES;
				ONLY_ACTIVE_ARCH = YES;
				SDKROOT = iphoneos;
				SWIFT_ACTIVE_COMPILATION_CONDITIONS = DEBUG;
				SWIFT_OPTIMIZATION_LEVEL = "-Onone";
			};
			name = Debug;
		};
		4941FBBE22FA72C700EFCD7B /* Release */ = {
			isa = XCBuildConfiguration;
			buildSettings = {
				ALWAYS_SEARCH_USER_PATHS = NO;
				CLANG_ANALYZER_NONNULL = YES;
				CLANG_ANALYZER_NUMBER_OBJECT_CONVERSION = YES_AGGRESSIVE;
				CLANG_CXX_LANGUAGE_STANDARD = "gnu++14";
				CLANG_CXX_LIBRARY = "libc++";
				CLANG_ENABLE_MODULES = YES;
				CLANG_ENABLE_OBJC_ARC = YES;
				CLANG_ENABLE_OBJC_WEAK = YES;
				CLANG_WARN_BLOCK_CAPTURE_AUTORELEASING = YES;
				CLANG_WARN_BOOL_CONVERSION = YES;
				CLANG_WARN_COMMA = YES;
				CLANG_WARN_CONSTANT_CONVERSION = YES;
				CLANG_WARN_DEPRECATED_OBJC_IMPLEMENTATIONS = YES;
				CLANG_WARN_DIRECT_OBJC_ISA_USAGE = YES_ERROR;
				CLANG_WARN_DOCUMENTATION_COMMENTS = YES;
				CLANG_WARN_EMPTY_BODY = YES;
				CLANG_WARN_ENUM_CONVERSION = YES;
				CLANG_WARN_INFINITE_RECURSION = YES;
				CLANG_WARN_INT_CONVERSION = YES;
				CLANG_WARN_NON_LITERAL_NULL_CONVERSION = YES;
				CLANG_WARN_OBJC_IMPLICIT_RETAIN_SELF = YES;
				CLANG_WARN_OBJC_LITERAL_CONVERSION = YES;
				CLANG_WARN_OBJC_ROOT_CLASS = YES_ERROR;
				CLANG_WARN_RANGE_LOOP_ANALYSIS = YES;
				CLANG_WARN_STRICT_PROTOTYPES = YES;
				CLANG_WARN_SUSPICIOUS_MOVE = YES;
				CLANG_WARN_UNGUARDED_AVAILABILITY = YES_AGGRESSIVE;
				CLANG_WARN_UNREACHABLE_CODE = YES;
				CLANG_WARN__DUPLICATE_METHOD_MATCH = YES;
				CODE_SIGN_IDENTITY = "iPhone Developer";
				COPY_PHASE_STRIP = NO;
				DEBUG_INFORMATION_FORMAT = "dwarf-with-dsym";
				ENABLE_NS_ASSERTIONS = NO;
				ENABLE_STRICT_OBJC_MSGSEND = YES;
				GCC_C_LANGUAGE_STANDARD = gnu11;
				GCC_NO_COMMON_BLOCKS = YES;
				GCC_WARN_64_TO_32_BIT_CONVERSION = YES;
				GCC_WARN_ABOUT_RETURN_TYPE = YES_ERROR;
				GCC_WARN_UNDECLARED_SELECTOR = YES;
				GCC_WARN_UNINITIALIZED_AUTOS = YES_AGGRESSIVE;
				GCC_WARN_UNUSED_FUNCTION = YES;
				GCC_WARN_UNUSED_VARIABLE = YES;
				IPHONEOS_DEPLOYMENT_TARGET = 12.1;
				MTL_ENABLE_DEBUG_INFO = NO;
				MTL_FAST_MATH = YES;
				SDKROOT = iphoneos;
				SWIFT_COMPILATION_MODE = wholemodule;
				SWIFT_OPTIMIZATION_LEVEL = "-O";
				VALIDATE_PRODUCT = YES;
			};
			name = Release;
		};
		4941FBC022FA72C700EFCD7B /* Debug */ = {
			isa = XCBuildConfiguration;
			buildSettings = {
				ASSETCATALOG_COMPILER_APPICON_NAME = AppIcon;
				CODE_SIGN_STYLE = Automatic;
				DEVELOPMENT_TEAM = 28J728ALQ5;
				INFOPLIST_FILE = BloggerAPICORE/Info.plist;
				LD_RUNPATH_SEARCH_PATHS = (
					"$(inherited)",
					"@executable_path/Frameworks",
				);
				PRODUCT_BUNDLE_IDENTIFIER = com.tanishk.BloggerAPICORE;
				PRODUCT_NAME = "$(TARGET_NAME)";
				SWIFT_VERSION = 4.2;
				TARGETED_DEVICE_FAMILY = "1,2";
			};
			name = Debug;
		};
		4941FBC122FA72C700EFCD7B /* Release */ = {
			isa = XCBuildConfiguration;
			buildSettings = {
				ASSETCATALOG_COMPILER_APPICON_NAME = AppIcon;
				CODE_SIGN_STYLE = Automatic;
				DEVELOPMENT_TEAM = 28J728ALQ5;
				INFOPLIST_FILE = BloggerAPICORE/Info.plist;
				LD_RUNPATH_SEARCH_PATHS = (
					"$(inherited)",
					"@executable_path/Frameworks",
				);
				PRODUCT_BUNDLE_IDENTIFIER = com.tanishk.BloggerAPICORE;
				PRODUCT_NAME = "$(TARGET_NAME)";
				SWIFT_VERSION = 4.2;
				TARGETED_DEVICE_FAMILY = "1,2";
			};
			name = Release;
		};
/* End XCBuildConfiguration section */

/* Begin XCConfigurationList section */
		4941FBA522FA72C500EFCD7B /* Build configuration list for PBXProject "BloggerAPICORE" */ = {
			isa = XCConfigurationList;
			buildConfigurations = (
				4941FBBD22FA72C700EFCD7B /* Debug */,
				4941FBBE22FA72C700EFCD7B /* Release */,
			);
			defaultConfigurationIsVisible = 0;
			defaultConfigurationName = Release;
		};
		4941FBBF22FA72C700EFCD7B /* Build configuration list for PBXNativeTarget "BloggerAPICORE" */ = {
			isa = XCConfigurationList;
			buildConfigurations = (
				4941FBC022FA72C700EFCD7B /* Debug */,
				4941FBC122FA72C700EFCD7B /* Release */,
			);
			defaultConfigurationIsVisible = 0;
			defaultConfigurationName = Release;
		};
/* End XCConfigurationList section */

/* Begin XCVersionGroup section */
		4941FBB422FA72C500EFCD7B /* BloggerAPICORE.xcdatamodeld */ = {
			isa = XCVersionGroup;
			children = (
				4941FBB522FA72C500EFCD7B /* BloggerAPICORE.xcdatamodel */,
			);
			currentVersion = 4941FBB522FA72C500EFCD7B /* BloggerAPICORE.xcdatamodel */;
			path = BloggerAPICORE.xcdatamodeld;
			sourceTree = "<group>";
			versionGroupType = wrapper.xcdatamodel;
		};
/* End XCVersionGroup section */
	};
	rootObject = 4941FBA222FA72C500EFCD7B /* Project object */;
}
